
Microsoft Visual Studio Solution File, Format Version 12.00
# Visual Studio Version 17
VisualStudioVersion = 17.9.34622.214
MinimumVisualStudioVersion = 10.0.40219.1
Project("{9A19103F-16F7-4668-BE54-9A1E7A4F7556}") = "PseudoBlocks", "PseudoBlocks\PseudoBlocks.csproj", "{8F4A33D4-A318-4029-8B44-A5B1D109FCF4}"
EndProject
Project("{FAE04EC0-301F-11D3-BF4B-00C04F79EFBC}") = "PseudoPlayer", "PseudoPlayer\PseudoPlayer.csproj", "{E98C8FD0-127D-4919-9AE2-F992A8E00857}"
EndProject
Global
	GlobalSection(SolutionConfigurationPlatforms) = preSolution
		Debug|Any CPU = Debug|Any CPU
		Release|Any CPU = Release|Any CPU
	EndGlobalSection
	GlobalSection(ProjectConfigurationPlatforms) = postSolution
		{8F4A33D4-A318-4029-8B44-A5B1D109FCF4}.Debug|Any CPU.ActiveCfg = Debug|Any CPU
		{8F4A33D4-A318-4029-8B44-A5B1D109FCF4}.Debug|Any CPU.Build.0 = Debug|Any CPU
		{8F4A33D4-A318-4029-8B44-A5B1D109FCF4}.Release|Any CPU.ActiveCfg = Release|Any CPU
		{8F4A33D4-A318-4029-8B44-A5B1D109FCF4}.Release|Any CPU.Build.0 = Release|Any CPU
		{E98C8FD0-127D-4919-9AE2-F992A8E00857}.Debug|Any CPU.ActiveCfg = Debug|Any CPU
		{E98C8FD0-127D-4919-9AE2-F992A8E00857}.Debug|Any CPU.Build.0 = Debug|Any CPU
		{E98C8FD0-127D-4919-9AE2-F992A8E00857}.Release|Any CPU.ActiveCfg = Release|Any CPU
		{E98C8FD0-127D-4919-9AE2-F992A8E00857}.Release|Any CPU.Build.0 = Release|Any CPU
	EndGlobalSection
	GlobalSection(SolutionProperties) = preSolution
		HideSolutionNode = FALSE
	EndGlobalSection
	GlobalSection(ExtensibilityGlobals) = postSolution
		SolutionGuid = {4378B1D1-FF89-4CBE-B6F9-D44AF37E4BFF}
	EndGlobalSection
EndGlobal
